
Microsoft Visual Studio Solution File, Format Version 12.00
# Visual Studio Version 17
VisualStudioVersion = 17.5.002.0
MinimumVisualStudioVersion = 10.0.40219.1
Project("{9A19103F-16F7-4668-BE54-9A1E7A4F7556}") = "worker_service", "worker_service\worker_service.csproj", "{5AF81A44-FF18-4A3B-8133-FA9C675224DA}"
EndProject
Project("{9A19103F-16F7-4668-BE54-9A1E7A4F7556}") = "web_api", "web_api\web_api.csproj", "{5484F3D8-25DD-45AB-B940-82D7AC91D001}"
EndProject
Global
	GlobalSection(SolutionConfigurationPlatforms) = preSolution
		Debug|Any CPU = Debug|Any CPU
		Release|Any CPU = Release|Any CPU
	EndGlobalSection
	GlobalSection(ProjectConfigurationPlatforms) = postSolution
		{5AF81A44-FF18-4A3B-8133-FA9C675224DA}.Debug|Any CPU.ActiveCfg = Debug|Any CPU
		{5AF81A44-FF18-4A3B-8133-FA9C675224DA}.Debug|Any CPU.Build.0 = Debug|Any CPU
		{5AF81A44-FF18-4A3B-8133-FA9C675224DA}.Release|Any CPU.ActiveCfg = Release|Any CPU
		{5AF81A44-FF18-4A3B-8133-FA9C675224DA}.Release|Any CPU.Build.0 = Release|Any CPU
		{5484F3D8-25DD-45AB-B940-82D7AC91D001}.Debug|Any CPU.ActiveCfg = Debug|Any CPU
		{5484F3D8-25DD-45AB-B940-82D7AC91D001}.Debug|Any CPU.Build.0 = Debug|Any CPU
		{5484F3D8-25DD-45AB-B940-82D7AC91D001}.Release|Any CPU.ActiveCfg = Release|Any CPU
		{5484F3D8-25DD-45AB-B940-82D7AC91D001}.Release|Any CPU.Build.0 = Release|Any CPU
	EndGlobalSection
	GlobalSection(SolutionProperties) = preSolution
		HideSolutionNode = FALSE
	EndGlobalSection
	GlobalSection(ExtensibilityGlobals) = postSolution
		SolutionGuid = {D9E388F8-6745-41B3-8EB2-840D962B8115}
	EndGlobalSection
EndGlobal
